// !$*UTF8*$!
{
	archiveVersion = 1;
	classes = {
	};
	objectVersion = 56;
	objects = {

/* Begin PBXBuildFile section */
		31CC7123297CD6D0006152A9 /* AppDelegate.swift in Sources */ = {isa = PBXBuildFile; fileRef = 31CC7122297CD6D0006152A9 /* AppDelegate.swift */; };
		31CC7125297CD6D0006152A9 /* SceneDelegate.swift in Sources */ = {isa = PBXBuildFile; fileRef = 31CC7124297CD6D0006152A9 /* SceneDelegate.swift */; };
		31CC7127297CD6D0006152A9 /* ViewController.swift in Sources */ = {isa = PBXBuildFile; fileRef = 31CC7126297CD6D0006152A9 /* ViewController.swift */; };
		31CC712A297CD6D0006152A9 /* Main.storyboard in Resources */ = {isa = PBXBuildFile; fileRef = 31CC7128297CD6D0006152A9 /* Main.storyboard */; };
		31CC712C297CD6D1006152A9 /* Assets.xcassets in Resources */ = {isa = PBXBuildFile; fileRef = 31CC712B297CD6D1006152A9 /* Assets.xcassets */; };
		31CC712F297CD6D1006152A9 /* LaunchScreen.storyboard in Resources */ = {isa = PBXBuildFile; fileRef = 31CC712D297CD6D1006152A9 /* LaunchScreen.storyboard */; };
		31CC7139297CD888006152A9 /* PaidMemberItemCell.swift in Sources */ = {isa = PBXBuildFile; fileRef = 31CC7137297CD888006152A9 /* PaidMemberItemCell.swift */; };
		31CC713A297CD888006152A9 /* PaidMemberItemCell.xib in Resources */ = {isa = PBXBuildFile; fileRef = 31CC7138297CD888006152A9 /* PaidMemberItemCell.xib */; };
		31CC713D297CDB12006152A9 /* TableViewCell+Extension.swift in Sources */ = {isa = PBXBuildFile; fileRef = 31CC713C297CDB12006152A9 /* TableViewCell+Extension.swift */; };
		EC3F32AE7943B10AA14E5B63 /* Pods_TabTableSwithExample.framework in Frameworks */ = {isa = PBXBuildFile; fileRef = 9DB4C077D29CECD58A29E7CA /* Pods_TabTableSwithExample.framework */; };
/* End PBXBuildFile section */

/* Begin PBXFileReference section */
		12B80C24FE60F77D40FA624E /* Pods-TabTableSwithExample.debug.xcconfig */ = {isa = PBXFileReference; includeInIndex = 1; lastKnownFileType = text.xcconfig; name = "Pods-TabTableSwithExample.debug.xcconfig"; path = "Target Support Files/Pods-TabTableSwithExample/Pods-TabTableSwithExample.debug.xcconfig"; sourceTree = "<group>"; };
		16560CF59EA1A77AAB4E7AA5 /* Pods-TabTableSwithExample.release.xcconfig */ = {isa = PBXFileReference; includeInIndex = 1; lastKnownFileType = text.xcconfig; name = "Pods-TabTableSwithExample.release.xcconfig"; path = "Target Support Files/Pods-TabTableSwithExample/Pods-TabTableSwithExample.release.xcconfig"; sourceTree = "<group>"; };
		31CC711F297CD6D0006152A9 /* TabTableSwithExample.app */ = {isa = PBXFileReference; explicitFileType = wrapper.application; includeInIndex = 0; path = TabTableSwithExample.app; sourceTree = BUILT_PRODUCTS_DIR; };
		31CC7122297CD6D0006152A9 /* AppDelegate.swift */ = {isa = PBXFileReference; lastKnownFileType = sourcecode.swift; path = AppDelegate.swift; sourceTree = "<group>"; };
		31CC7124297CD6D0006152A9 /* SceneDelegate.swift */ = {isa = PBXFileReference; lastKnownFileType = sourcecode.swift; path = SceneDelegate.swift; sourceTree = "<group>"; };
		31CC7126297CD6D0006152A9 /* ViewController.swift */ = {isa = PBXFileReference; lastKnownFileType = sourcecode.swift; path = ViewController.swift; sourceTree = "<group>"; };
		31CC7129297CD6D0006152A9 /* Base */ = {isa = PBXFileReference; lastKnownFileType = file.storyboard; name = Base; path = Base.lproj/Main.storyboard; sourceTree = "<group>"; };
		31CC712B297CD6D1006152A9 /* Assets.xcassets */ = {isa = PBXFileReference; lastKnownFileType = folder.assetcatalog; path = Assets.xcassets; sourceTree = "<group>"; };
		31CC712E297CD6D1006152A9 /* Base */ = {isa = PBXFileReference; lastKnownFileType = file.storyboard; name = Base; path = Base.lproj/LaunchScreen.storyboard; sourceTree = "<group>"; };
		31CC7130297CD6D1006152A9 /* Info.plist */ = {isa = PBXFileReference; lastKnownFileType = text.plist.xml; path = Info.plist; sourceTree = "<group>"; };
		31CC7137297CD888006152A9 /* PaidMemberItemCell.swift */ = {isa = PBXFileReference; fileEncoding = 4; lastKnownFileType = sourcecode.swift; path = PaidMemberItemCell.swift; sourceTree = "<group>"; };
		31CC7138297CD888006152A9 /* PaidMemberItemCell.xib */ = {isa = PBXFileReference; fileEncoding = 4; lastKnownFileType = file.xib; path = PaidMemberItemCell.xib; sourceTree = "<group>"; };
		31CC713C297CDB12006152A9 /* TableViewCell+Extension.swift */ = {isa = PBXFileReference; lastKnownFileType = sourcecode.swift; path = "TableViewCell+Extension.swift"; sourceTree = "<group>"; };
		9DB4C077D29CECD58A29E7CA /* Pods_TabTableSwithExample.framework */ = {isa = PBXFileReference; explicitFileType = wrapper.framework; includeInIndex = 0; path = Pods_TabTableSwithExample.framework; sourceTree = BUILT_PRODUCTS_DIR; };
/* End PBXFileReference section */

/* Begin PBXFrameworksBuildPhase section */
		31CC711C297CD6D0006152A9 /* Frameworks */ = {
			isa = PBXFrameworksBuildPhase;
			buildActionMask = 2147483647;
			files = (
				EC3F32AE7943B10AA14E5B63 /* Pods_TabTableSwithExample.framework in Frameworks */,
			);
			runOnlyForDeploymentPostprocessing = 0;
		};
/* End PBXFrameworksBuildPhase section */

/* Begin PBXGroup section */
		31CC7116297CD6D0006152A9 = {
			isa = PBXGroup;
			children = (
				31CC7121297CD6D0006152A9 /* TabTableSwithExample */,
				31CC7120297CD6D0006152A9 /* Products */,
				B30A04F7F997EA0BC0ECE3EF /* Pods */,
				42186A90BDE13C8E60701002 /* Frameworks */,
			);
			sourceTree = "<group>";
		};
		31CC7120297CD6D0006152A9 /* Products */ = {
			isa = PBXGroup;
			children = (
				31CC711F297CD6D0006152A9 /* TabTableSwithExample.app */,
			);
			name = Products;
			sourceTree = "<group>";
		};
		31CC7121297CD6D0006152A9 /* TabTableSwithExample */ = {
			isa = PBXGroup;
			children = (
				31CC713B297CDAFF006152A9 /* Extension */,
				31CC7136297CD879006152A9 /* View */,
				31CC7122297CD6D0006152A9 /* AppDelegate.swift */,
				31CC7124297CD6D0006152A9 /* SceneDelegate.swift */,
				31CC7126297CD6D0006152A9 /* ViewController.swift */,
				31CC7128297CD6D0006152A9 /* Main.storyboard */,
				31CC712B297CD6D1006152A9 /* Assets.xcassets */,
				31CC712D297CD6D1006152A9 /* LaunchScreen.storyboard */,
				31CC7130297CD6D1006152A9 /* Info.plist */,
			);
			path = TabTableSwithExample;
			sourceTree = "<group>";
		};
		31CC7136297CD879006152A9 /* View */ = {
			isa = PBXGroup;
			children = (
				31CC7137297CD888006152A9 /* PaidMemberItemCell.swift */,
				31CC7138297CD888006152A9 /* PaidMemberItemCell.xib */,
			);
			path = View;
			sourceTree = "<group>";
		};
		31CC713B297CDAFF006152A9 /* Extension */ = {
			isa = PBXGroup;
			children = (
				31CC713C297CDB12006152A9 /* TableViewCell+Extension.swift */,
			);
			path = Extension;
			sourceTree = "<group>";
		};
		42186A90BDE13C8E60701002 /* Frameworks */ = {
			isa = PBXGroup;
			children = (
				9DB4C077D29CECD58A29E7CA /* Pods_TabTableSwithExample.framework */,
			);
			name = Frameworks;
			sourceTree = "<group>";
		};
		B30A04F7F997EA0BC0ECE3EF /* Pods */ = {
			isa = PBXGroup;
			children = (
				12B80C24FE60F77D40FA624E /* Pods-TabTableSwithExample.debug.xcconfig */,
				16560CF59EA1A77AAB4E7AA5 /* Pods-TabTableSwithExample.release.xcconfig */,
			);
			path = Pods;
			sourceTree = "<group>";
		};
/* End PBXGroup section */

/* Begin PBXNativeTarget section */
		31CC711E297CD6D0006152A9 /* TabTableSwithExample */ = {
			isa = PBXNativeTarget;
			buildConfigurationList = 31CC7133297CD6D1006152A9 /* Build configuration list for PBXNativeTarget "TabTableSwithExample" */;
			buildPhases = (
				38332C20DE617D2F591DD708 /* [CP] Check Pods Manifest.lock */,
				31CC711B297CD6D0006152A9 /* Sources */,
				31CC711C297CD6D0006152A9 /* Frameworks */,
				31CC711D297CD6D0006152A9 /* Resources */,
				C7FD09549159419736F2030B /* [CP] Embed Pods Frameworks */,
			);
			buildRules = (
			);
			dependencies = (
			);
			name = TabTableSwithExample;
			productName = TabTableSwithExample;
			productReference = 31CC711F297CD6D0006152A9 /* TabTableSwithExample.app */;
			productType = "com.apple.product-type.application";
		};
/* End PBXNativeTarget section */

/* Begin PBXProject section */
		31CC7117297CD6D0006152A9 /* Project object */ = {
			isa = PBXProject;
			attributes = {
				BuildIndependentTargetsInParallel = 1;
				LastSwiftUpdateCheck = 1420;
				LastUpgradeCheck = 1420;
				TargetAttributes = {
					31CC711E297CD6D0006152A9 = {
						CreatedOnToolsVersion = 14.2;
					};
				};
			};
			buildConfigurationList = 31CC711A297CD6D0006152A9 /* Build configuration list for PBXProject "TabTableSwithExample" */;
			compatibilityVersion = "Xcode 14.0";
			developmentRegion = en;
			hasScannedForEncodings = 0;
			knownRegions = (
				en,
				Base,
			);
			mainGroup = 31CC7116297CD6D0006152A9;
			productRefGroup = 31CC7120297CD6D0006152A9 /* Products */;
			projectDirPath = "";
			projectRoot = "";
			targets = (
				31CC711E297CD6D0006152A9 /* TabTableSwithExample */,
			);
		};
/* End PBXProject section */

/* Begin PBXResourcesBuildPhase section */
		31CC711D297CD6D0006152A9 /* Resources */ = {
			isa = PBXResourcesBuildPhase;
			buildActionMask = 2147483647;
			files = (
				31CC713A297CD888006152A9 /* PaidMemberItemCell.xib in Resources */,
				31CC712F297CD6D1006152A9 /* LaunchScreen.storyboard in Resources */,
				31CC712C297CD6D1006152A9 /* Assets.xcassets in Resources */,
				31CC712A297CD6D0006152A9 /* Main.storyboard in Resources */,
			);
			runOnlyForDeploymentPostprocessing = 0;
		};
/* End PBXResourcesBuildPhase section */

/* Begin PBXShellScriptBuildPhase section */
		38332C20DE617D2F591DD708 /* [CP] Check Pods Manifest.lock */ = {
			isa = PBXShellScriptBuildPhase;
			buildActionMask = 2147483647;
			files = (
			);
			inputFileListPaths = (
			);
			inputPaths = (
				"${PODS_PODFILE_DIR_PATH}/Podfile.lock",
				"${PODS_ROOT}/Manifest.lock",
			);
			name = "[CP] Check Pods Manifest.lock";
			outputFileListPaths = (
			);
			outputPaths = (
				"$(DERIVED_FILE_DIR)/Pods-TabTableSwithExample-checkManifestLockResult.txt",
			);
			runOnlyForDeploymentPostprocessing = 0;
			shellPath = /bin/sh;
			shellScript = "diff \"${PODS_PODFILE_DIR_PATH}/Podfile.lock\" \"${PODS_ROOT}/Manifest.lock\" > /dev/null\nif [ $? != 0 ] ; then\n    # print error to STDERR\n    echo \"error: The sandbox is not in sync with the Podfile.lock. Run 'pod install' or update your CocoaPods installation.\" >&2\n    exit 1\nfi\n# This output is used by Xcode 'outputs' to avoid re-running this script phase.\necho \"SUCCESS\" > \"${SCRIPT_OUTPUT_FILE_0}\"\n";
			showEnvVarsInLog = 0;
		};
		C7FD09549159419736F2030B /* [CP] Embed Pods Frameworks */ = {
			isa = PBXShellScriptBuildPhase;
			buildActionMask = 2147483647;
			files = (
			);
			inputFileListPaths = (
				"${PODS_ROOT}/Target Support Files/Pods-TabTableSwithExample/Pods-TabTableSwithExample-frameworks-${CONFIGURATION}-input-files.xcfilelist",
			);
			name = "[CP] Embed Pods Frameworks";
			outputFileListPaths = (
				"${PODS_ROOT}/Target Support Files/Pods-TabTableSwithExample/Pods-TabTableSwithExample-frameworks-${CONFIGURATION}-output-files.xcfilelist",
			);
			runOnlyForDeploymentPostprocessing = 0;
			shellPath = /bin/sh;
			shellScript = "\"${PODS_ROOT}/Target Support Files/Pods-TabTableSwithExample/Pods-TabTableSwithExample-frameworks.sh\"\n";
			showEnvVarsInLog = 0;
		};
/* End PBXShellScriptBuildPhase section */

/* Begin PBXSourcesBuildPhase section */
		31CC711B297CD6D0006152A9 /* Sources */ = {
			isa = PBXSourcesBuildPhase;
			buildActionMask = 2147483647;
			files = (
				31CC713D297CDB12006152A9 /* TableViewCell+Extension.swift in Sources */,
				31CC7139297CD888006152A9 /* PaidMemberItemCell.swift in Sources */,
				31CC7127297CD6D0006152A9 /* ViewController.swift in Sources */,
				31CC7123297CD6D0006152A9 /* AppDelegate.swift in Sources */,
				31CC7125297CD6D0006152A9 /* SceneDelegate.swift in Sources */,
			);
			runOnlyForDeploymentPostprocessing = 0;
		};
/* End PBXSourcesBuildPhase section */

/* Begin PBXVariantGroup section */
		31CC7128297CD6D0006152A9 /* Main.storyboard */ = {
			isa = PBXVariantGroup;
			children = (
				31CC7129297CD6D0006152A9 /* Base */,
			);
			name = Main.storyboard;
			sourceTree = "<group>";
		};
		31CC712D297CD6D1006152A9 /* LaunchScreen.storyboard */ = {
			isa = PBXVariantGroup;
			children = (
				31CC712E297CD6D1006152A9 /* Base */,
			);
			name = LaunchScreen.storyboard;
			sourceTree = "<group>";
		};
/* End PBXVariantGroup section */

/* Begin XCBuildConfiguration section */
		31CC7131297CD6D1006152A9 /* Debug */ = {
			isa = XCBuildConfiguration;
			buildSettings = {
				ALWAYS_SEARCH_USER_PATHS = NO;
				CLANG_ANALYZER_NONNULL = YES;
				CLANG_ANALYZER_NUMBER_OBJECT_CONVERSION = YES_AGGRESSIVE;
				CLANG_CXX_LANGUAGE_STANDARD = "gnu++20";
				CLANG_ENABLE_MODULES = YES;
				CLANG_ENABLE_OBJC_ARC = YES;
				CLANG_ENABLE_OBJC_WEAK = YES;
				CLANG_WARN_BLOCK_CAPTURE_AUTORELEASING = YES;
				CLANG_WARN_BOOL_CONVERSION = YES;
				CLANG_WARN_COMMA = YES;
				CLANG_WARN_CONSTANT_CONVERSION = YES;
				CLANG_WARN_DEPRECATED_OBJC_IMPLEMENTATIONS = YES;
				CLANG_WARN_DIRECT_OBJC_ISA_USAGE = YES_ERROR;
				CLANG_WARN_DOCUMENTATION_COMMENTS = YES;
				CLANG_WARN_EMPTY_BODY = YES;
				CLANG_WARN_ENUM_CONVERSION = YES;
				CLANG_WARN_INFINITE_RECURSION = YES;
				CLANG_WARN_INT_CONVERSION = YES;
				CLANG_WARN_NON_LITERAL_NULL_CONVERSION = YES;
				CLANG_WARN_OBJC_IMPLICIT_RETAIN_SELF = YES;
				CLANG_WARN_OBJC_LITERAL_CONVERSION = YES;
				CLANG_WARN_OBJC_ROOT_CLASS = YES_ERROR;
				CLANG_WARN_QUOTED_INCLUDE_IN_FRAMEWORK_HEADER = YES;
				CLANG_WARN_RANGE_LOOP_ANALYSIS = YES;
				CLANG_WARN_STRICT_PROTOTYPES = YES;
				CLANG_WARN_SUSPICIOUS_MOVE = YES;
				CLANG_WARN_UNGUARDED_AVAILABILITY = YES_AGGRESSIVE;
				CLANG_WARN_UNREACHABLE_CODE = YES;
				CLANG_WARN__DUPLICATE_METHOD_MATCH = YES;
				COPY_PHASE_STRIP = NO;
				DEBUG_INFORMATION_FORMAT = dwarf;
				ENABLE_STRICT_OBJC_MSGSEND = YES;
				ENABLE_TESTABILITY = YES;
				GCC_C_LANGUAGE_STANDARD = gnu11;
				GCC_DYNAMIC_NO_PIC = NO;
				GCC_NO_COMMON_BLOCKS = YES;
				GCC_OPTIMIZATION_LEVEL = 0;
				GCC_PREPROCESSOR_DEFINITIONS = (
					"DEBUG=1",
					"$(inherited)",
				);
				GCC_WARN_64_TO_32_BIT_CONVERSION = YES;
				GCC_WARN_ABOUT_RETURN_TYPE = YES_ERROR;
				GCC_WARN_UNDECLARED_SELECTOR = YES;
				GCC_WARN_UNINITIALIZED_AUTOS = YES_AGGRESSIVE;
				GCC_WARN_UNUSED_FUNCTION = YES;
				GCC_WARN_UNUSED_VARIABLE = YES;
				IPHONEOS_DEPLOYMENT_TARGET = 16.2;
				MTL_ENABLE_DEBUG_INFO = INCLUDE_SOURCE;
				MTL_FAST_MATH = YES;
				ONLY_ACTIVE_ARCH = YES;
				SDKROOT = iphoneos;
				SWIFT_ACTIVE_COMPILATION_CONDITIONS = DEBUG;
				SWIFT_OPTIMIZATION_LEVEL = "-Onone";
			};
			name = Debug;
		};
		31CC7132297CD6D1006152A9 /* Release */ = {
			isa = XCBuildConfiguration;
			buildSettings = {
				ALWAYS_SEARCH_USER_PATHS = NO;
				CLANG_ANALYZER_NONNULL = YES;
				CLANG_ANALYZER_NUMBER_OBJECT_CONVERSION = YES_AGGRESSIVE;
				CLANG_CXX_LANGUAGE_STANDARD = "gnu++20";
				CLANG_ENABLE_MODULES = YES;
				CLANG_ENABLE_OBJC_ARC = YES;
				CLANG_ENABLE_OBJC_WEAK = YES;
				CLANG_WARN_BLOCK_CAPTURE_AUTORELEASING = YES;
				CLANG_WARN_BOOL_CONVERSION = YES;
				CLANG_WARN_COMMA = YES;
				CLANG_WARN_CONSTANT_CONVERSION = YES;
				CLANG_WARN_DEPRECATED_OBJC_IMPLEMENTATIONS = YES;
				CLANG_WARN_DIRECT_OBJC_ISA_USAGE = YES_ERROR;
				CLANG_WARN_DOCUMENTATION_COMMENTS = YES;
				CLANG_WARN_EMPTY_BODY = YES;
				CLANG_WARN_ENUM_CONVERSION = YES;
				CLANG_WARN_INFINITE_RECURSION = YES;
				CLANG_WARN_INT_CONVERSION = YES;
				CLANG_WARN_NON_LITERAL_NULL_CONVERSION = YES;
				CLANG_WARN_OBJC_IMPLICIT_RETAIN_SELF = YES;
				CLANG_WARN_OBJC_LITERAL_CONVERSION = YES;
				CLANG_WARN_OBJC_ROOT_CLASS = YES_ERROR;
				CLANG_WARN_QUOTED_INCLUDE_IN_FRAMEWORK_HEADER = YES;
				CLANG_WARN_RANGE_LOOP_ANALYSIS = YES;
				CLANG_WARN_STRICT_PROTOTYPES = YES;
				CLANG_WARN_SUSPICIOUS_MOVE = YES;
				CLANG_WARN_UNGUARDED_AVAILABILITY = YES_AGGRESSIVE;
				CLANG_WARN_UNREACHABLE_CODE = YES;
				CLANG_WARN__DUPLICATE_METHOD_MATCH = YES;
				COPY_PHASE_STRIP = NO;
				DEBUG_INFORMATION_FORMAT = "dwarf-with-dsym";
				ENABLE_NS_ASSERTIONS = NO;
				ENABLE_STRICT_OBJC_MSGSEND = YES;
				GCC_C_LANGUAGE_STANDARD = gnu11;
				GCC_NO_COMMON_BLOCKS = YES;
				GCC_WARN_64_TO_32_BIT_CONVERSION = YES;
				GCC_WARN_ABOUT_RETURN_TYPE = YES_ERROR;
				GCC_WARN_UNDECLARED_SELECTOR = YES;
				GCC_WARN_UNINITIALIZED_AUTOS = YES_AGGRESSIVE;
				GCC_WARN_UNUSED_FUNCTION = YES;
				GCC_WARN_UNUSED_VARIABLE = YES;
				IPHONEOS_DEPLOYMENT_TARGET = 16.2;
				MTL_ENABLE_DEBUG_INFO = NO;
				MTL_FAST_MATH = YES;
				SDKROOT = iphoneos;
				SWIFT_COMPILATION_MODE = wholemodule;
				SWIFT_OPTIMIZATION_LEVEL = "-O";
				VALIDATE_PRODUCT = YES;
			};
			name = Release;
		};
		31CC7134297CD6D1006152A9 /* Debug */ = {
			isa = XCBuildConfiguration;
			baseConfigurationReference = 12B80C24FE60F77D40FA624E /* Pods-TabTableSwithExample.debug.xcconfig */;
			buildSettings = {
				ASSETCATALOG_COMPILER_APPICON_NAME = AppIcon;
				ASSETCATALOG_COMPILER_GLOBAL_ACCENT_COLOR_NAME = AccentColor;
				CODE_SIGN_STYLE = Automatic;
				CURRENT_PROJECT_VERSION = 1;
				GENERATE_INFOPLIST_FILE = YES;
				INFOPLIST_FILE = TabTableSwithExample/Info.plist;
				INFOPLIST_KEY_UIApplicationSupportsIndirectInputEvents = YES;
				INFOPLIST_KEY_UILaunchStoryboardName = LaunchScreen;
				INFOPLIST_KEY_UIMainStoryboardFile = Main;
				INFOPLIST_KEY_UISupportedInterfaceOrientations_iPad = "UIInterfaceOrientationPortrait UIInterfaceOrientationPortraitUpsideDown UIInterfaceOrientationLandscapeLeft UIInterfaceOrientationLandscapeRight";
				INFOPLIST_KEY_UISupportedInterfaceOrientations_iPhone = "UIInterfaceOrientationPortrait UIInterfaceOrientationLandscapeLeft UIInterfaceOrientationLandscapeRight";
				LD_RUNPATH_SEARCH_PATHS = (
					"$(inherited)",
					"@executable_path/Frameworks",
				);
				MARKETING_VERSION = 1.0;
				PRODUCT_BUNDLE_IDENTIFIER = com.yourcompany.TabTableSwithExample;
				PRODUCT_NAME = "$(TARGET_NAME)";
				SWIFT_EMIT_LOC_STRINGS = YES;
				SWIFT_VERSION = 5.0;
				TARGETED_DEVICE_FAMILY = "1,2";
			};
			name = Debug;
		};
		31CC7135297CD6D1006152A9 /* Release */ = {
			isa = XCBuildConfiguration;
			baseConfigurationReference = 16560CF59EA1A77AAB4E7AA5 /* Pods-TabTableSwithExample.release.xcconfig */;
			buildSettings = {
				ASSETCATALOG_COMPILER_APPICON_NAME = AppIcon;
				ASSETCATALOG_COMPILER_GLOBAL_ACCENT_COLOR_NAME = AccentColor;
				CODE_SIGN_STYLE = Automatic;
				CURRENT_PROJECT_VERSION = 1;
				GENERATE_INFOPLIST_FILE = YES;
				INFOPLIST_FILE = TabTableSwithExample/Info.plist;
				INFOPLIST_KEY_UIApplicationSupportsIndirectInputEvents = YES;
				INFOPLIST_KEY_UILaunchStoryboardName = LaunchScreen;
				INFOPLIST_KEY_UIMainStoryboardFile = Main;
				INFOPLIST_KEY_UISupportedInterfaceOrientations_iPad = "UIInterfaceOrientationPortrait UIInterfaceOrientationPortraitUpsideDown UIInterfaceOrientationLandscapeLeft UIInterfaceOrientationLandscapeRight";
				INFOPLIST_KEY_UISupportedInterfaceOrientations_iPhone = "UIInterfaceOrientationPortrait UIInterfaceOrientationLandscapeLeft UIInterfaceOrientationLandscapeRight";
				LD_RUNPATH_SEARCH_PATHS = (
					"$(inherited)",
					"@executable_path/Frameworks",
				);
				MARKETING_VERSION = 1.0;
				PRODUCT_BUNDLE_IDENTIFIER = com.yourcompany.TabTableSwithExample;
				PRODUCT_NAME = "$(TARGET_NAME)";
				SWIFT_EMIT_LOC_STRINGS = YES;
				SWIFT_VERSION = 5.0;
				TARGETED_DEVICE_FAMILY = "1,2";
			};
			name = Release;
		};
/* End XCBuildConfiguration section */

/* Begin XCConfigurationList section */
		31CC711A297CD6D0006152A9 /* Build configuration list for PBXProject "TabTableSwithExample" */ = {
			isa = XCConfigurationList;
			buildConfigurations = (
				31CC7131297CD6D1006152A9 /* Debug */,
				31CC7132297CD6D1006152A9 /* Release */,
			);
			defaultConfigurationIsVisible = 0;
			defaultConfigurationName = Release;
		};
		31CC7133297CD6D1006152A9 /* Build configuration list for PBXNativeTarget "TabTableSwithExample" */ = {
			isa = XCConfigurationList;
			buildConfigurations = (
				31CC7134297CD6D1006152A9 /* Debug */,
				31CC7135297CD6D1006152A9 /* Release */,
			);
			defaultConfigurationIsVisible = 0;
			defaultConfigurationName = Release;
		};
/* End XCConfigurationList section */
	};
	rootObject = 31CC7117297CD6D0006152A9 /* Project object */;
}
